
Microsoft Visual Studio Solution File, Format Version 12.00
# Visual Studio Version 16
VisualStudioVersion = 16.0.31112.23
MinimumVisualStudioVersion = 10.0.40219.1
Project("{FAE04EC0-301F-11D3-BF4B-00C04F79EFBC}") = "UdonRabbit.Analyzer", "UdonRabbit.Analyzer\UdonRabbit.Analyzer.csproj", "{8AAEE78B-E0E6-4F37-9446-6173C0747F28}"
EndProject
Project("{FAE04EC0-301F-11D3-BF4B-00C04F79EFBC}") = "UdonRabbit.Analyzer.CodeFixes", "UdonRabbit.Analyzer.CodeFixes\UdonRabbit.Analyzer.CodeFixes.csproj", "{2615BB0C-E51B-4A43-BB03-889F569B73F2}"
EndProject
Project("{FAE04EC0-301F-11D3-BF4B-00C04F79EFBC}") = "UdonRabbit.Analyzer.Package", "UdonRabbit.Analyzer.Package\UdonRabbit.Analyzer.Package.csproj", "{FD420000-8DE5-4F13-ABE3-6633DADEBB03}"
EndProject
Project("{FAE04EC0-301F-11D3-BF4B-00C04F79EFBC}") = "UdonRabbit.Analyzer.Test", "UdonRabbit.Analyzer.Test\UdonRabbit.Analyzer.Test.csproj", "{1A41CC8A-49CC-4D02-A050-490133790275}"
EndProject
Project("{FAE04EC0-301F-11D3-BF4B-00C04F79EFBC}") = "UdonRabbit.Analyzer.Vsix", "UdonRabbit.Analyzer.Vsix\UdonRabbit.Analyzer.Vsix.csproj", "{3A1EA4F6-25DD-4C9E-92C0-EC4F00CCD21B}"
EndProject
Global
	GlobalSection(SolutionConfigurationPlatforms) = preSolution
		Debug|Any CPU = Debug|Any CPU
		Release|Any CPU = Release|Any CPU
	EndGlobalSection
	GlobalSection(ProjectConfigurationPlatforms) = postSolution
		{8AAEE78B-E0E6-4F37-9446-6173C0747F28}.Debug|Any CPU.ActiveCfg = Debug|Any CPU
		{8AAEE78B-E0E6-4F37-9446-6173C0747F28}.Debug|Any CPU.Build.0 = Debug|Any CPU
		{8AAEE78B-E0E6-4F37-9446-6173C0747F28}.Release|Any CPU.ActiveCfg = Release|Any CPU
		{8AAEE78B-E0E6-4F37-9446-6173C0747F28}.Release|Any CPU.Build.0 = Release|Any CPU
		{2615BB0C-E51B-4A43-BB03-889F569B73F2}.Debug|Any CPU.ActiveCfg = Debug|Any CPU
		{2615BB0C-E51B-4A43-BB03-889F569B73F2}.Debug|Any CPU.Build.0 = Debug|Any CPU
		{2615BB0C-E51B-4A43-BB03-889F569B73F2}.Release|Any CPU.ActiveCfg = Release|Any CPU
		{2615BB0C-E51B-4A43-BB03-889F569B73F2}.Release|Any CPU.Build.0 = Release|Any CPU
		{FD420000-8DE5-4F13-ABE3-6633DADEBB03}.Debug|Any CPU.ActiveCfg = Debug|Any CPU
		{FD420000-8DE5-4F13-ABE3-6633DADEBB03}.Debug|Any CPU.Build.0 = Debug|Any CPU
		{FD420000-8DE5-4F13-ABE3-6633DADEBB03}.Release|Any CPU.ActiveCfg = Release|Any CPU
		{FD420000-8DE5-4F13-ABE3-6633DADEBB03}.Release|Any CPU.Build.0 = Release|Any CPU
		{1A41CC8A-49CC-4D02-A050-490133790275}.Debug|Any CPU.ActiveCfg = Debug|Any CPU
		{1A41CC8A-49CC-4D02-A050-490133790275}.Debug|Any CPU.Build.0 = Debug|Any CPU
		{1A41CC8A-49CC-4D02-A050-490133790275}.Release|Any CPU.ActiveCfg = Release|Any CPU
		{1A41CC8A-49CC-4D02-A050-490133790275}.Release|Any CPU.Build.0 = Release|Any CPU
		{3A1EA4F6-25DD-4C9E-92C0-EC4F00CCD21B}.Debug|Any CPU.ActiveCfg = Debug|Any CPU
		{3A1EA4F6-25DD-4C9E-92C0-EC4F00CCD21B}.Debug|Any CPU.Build.0 = Debug|Any CPU
		{3A1EA4F6-25DD-4C9E-92C0-EC4F00CCD21B}.Release|Any CPU.ActiveCfg = Release|Any CPU
		{3A1EA4F6-25DD-4C9E-92C0-EC4F00CCD21B}.Release|Any CPU.Build.0 = Release|Any CPU
	EndGlobalSection
	GlobalSection(SolutionProperties) = preSolution
		HideSolutionNode = FALSE
	EndGlobalSection
	GlobalSection(ExtensibilityGlobals) = postSolution
		SolutionGuid = {D147CA42-BDFA-465D-8890-E050EFF751B7}
	EndGlobalSection
EndGlobal
